
Microsoft Visual Studio Solution File, Format Version 12.00
# Visual Studio 15
Project("{FAE04EC0-301F-11D3-BF4B-00C04F79EFBC}") = "Assembly-CSharp", "Assembly-CSharp.csproj", "{9BD5153F-4300-2499-4CFB-629EB6A487EE}"
EndProject
Global
	GlobalSection(SolutionConfigurationPlatforms) = preSolution
		Debug|Any CPU = Debug|Any CPU
		Release|Any CPU = Release|Any CPU
	EndGlobalSection
	GlobalSection(ProjectConfigurationPlatforms) = postSolution
		{9BD5153F-4300-2499-4CFB-629EB6A487EE}.Debug|Any CPU.ActiveCfg = Debug|Any CPU
		{9BD5153F-4300-2499-4CFB-629EB6A487EE}.Debug|Any CPU.Build.0 = Debug|Any CPU
		{9BD5153F-4300-2499-4CFB-629EB6A487EE}.Release|Any CPU.ActiveCfg = Release|Any CPU
		{9BD5153F-4300-2499-4CFB-629EB6A487EE}.Release|Any CPU.Build.0 = Release|Any CPU
	EndGlobalSection
	GlobalSection(SolutionProperties) = preSolution
		HideSolutionNode = FALSE
	EndGlobalSection
EndGlobal
